
Microsoft Visual Studio Solution File, Format Version 12.00
Project("{FAE04EC0-301F-11D3-BF4B-00C04F79EFBC}") = "BioBlog.Web", "BioBlog.Web\BioBlog.Web.csproj", "{FE60D584-8D5C-4DB2-B908-5A68C46EBAAF}"
EndProject
Global
	GlobalSection(SolutionConfigurationPlatforms) = preSolution
		Debug|Any CPU = Debug|Any CPU
		Release|Any CPU = Release|Any CPU
	EndGlobalSection
	GlobalSection(ProjectConfigurationPlatforms) = postSolution
		{FE60D584-8D5C-4DB2-B908-5A68C46EBAAF}.Debug|Any CPU.ActiveCfg = Debug|Any CPU
		{FE60D584-8D5C-4DB2-B908-5A68C46EBAAF}.Debug|Any CPU.Build.0 = Debug|Any CPU
		{FE60D584-8D5C-4DB2-B908-5A68C46EBAAF}.Release|Any CPU.ActiveCfg = Release|Any CPU
		{FE60D584-8D5C-4DB2-B908-5A68C46EBAAF}.Release|Any CPU.Build.0 = Release|Any CPU
	EndGlobalSection
EndGlobal
